// !$*UTF8*$!
{
	archiveVersion = 1;
	classes = {
	};
	objectVersion = 56;
	objects = {

/* Begin PBXBuildFile section */
		6EE23FA22B1F8EC8009B068E /* ExploreCityApp.swift in Sources */ = {isa = PBXBuildFile; fileRef = 6EE23FA12B1F8EC8009B068E /* ExploreCityApp.swift */; };
		6EE23FA42B1F8EC8009B068E /* ContentView.swift in Sources */ = {isa = PBXBuildFile; fileRef = 6EE23FA32B1F8EC8009B068E /* ContentView.swift */; };
		6EE23FA62B1F8ECC009B068E /* Assets.xcassets in Resources */ = {isa = PBXBuildFile; fileRef = 6EE23FA52B1F8ECC009B068E /* Assets.xcassets */; };
		6EE23FA92B1F8ECC009B068E /* Preview Assets.xcassets in Resources */ = {isa = PBXBuildFile; fileRef = 6EE23FA82B1F8ECC009B068E /* Preview Assets.xcassets */; };
		6EE23FB32B1F8ECD009B068E /* ExploreCityTests.swift in Sources */ = {isa = PBXBuildFile; fileRef = 6EE23FB22B1F8ECD009B068E /* ExploreCityTests.swift */; };
		6EE23FBD2B1F8ECD009B068E /* ExploreCityUITests.swift in Sources */ = {isa = PBXBuildFile; fileRef = 6EE23FBC2B1F8ECD009B068E /* ExploreCityUITests.swift */; };
		6EE23FBF2B1F8ECD009B068E /* ExploreCityUITestsLaunchTests.swift in Sources */ = {isa = PBXBuildFile; fileRef = 6EE23FBE2B1F8ECD009B068E /* ExploreCityUITestsLaunchTests.swift */; };
/* End PBXBuildFile section */

/* Begin PBXContainerItemProxy section */
		6EE23FAF2B1F8ECD009B068E /* PBXContainerItemProxy */ = {
			isa = PBXContainerItemProxy;
			containerPortal = 6EE23F962B1F8EC8009B068E /* Project object */;
			proxyType = 1;
			remoteGlobalIDString = 6EE23F9D2B1F8EC8009B068E;
			remoteInfo = ExploreCity;
		};
		6EE23FB92B1F8ECD009B068E /* PBXContainerItemProxy */ = {
			isa = PBXContainerItemProxy;
			containerPortal = 6EE23F962B1F8EC8009B068E /* Project object */;
			proxyType = 1;
			remoteGlobalIDString = 6EE23F9D2B1F8EC8009B068E;
			remoteInfo = ExploreCity;
		};
/* End PBXContainerItemProxy section */

/* Begin PBXFileReference section */
		6EE23F9E2B1F8EC8009B068E /* ExploreCity.app */ = {isa = PBXFileReference; explicitFileType = wrapper.application; includeInIndex = 0; path = ExploreCity.app; sourceTree = BUILT_PRODUCTS_DIR; };
		6EE23FA12B1F8EC8009B068E /* ExploreCityApp.swift */ = {isa = PBXFileReference; lastKnownFileType = sourcecode.swift; path = ExploreCityApp.swift; sourceTree = "<group>"; };
		6EE23FA32B1F8EC8009B068E /* ContentView.swift */ = {isa = PBXFileReference; lastKnownFileType = sourcecode.swift; path = ContentView.swift; sourceTree = "<group>"; };
		6EE23FA52B1F8ECC009B068E /* Assets.xcassets */ = {isa = PBXFileReference; lastKnownFileType = folder.assetcatalog; path = Assets.xcassets; sourceTree = "<group>"; };
		6EE23FA82B1F8ECC009B068E /* Preview Assets.xcassets */ = {isa = PBXFileReference; lastKnownFileType = folder.assetcatalog; path = "Preview Assets.xcassets"; sourceTree = "<group>"; };
		6EE23FAE2B1F8ECD009B068E /* ExploreCityTests.xctest */ = {isa = PBXFileReference; explicitFileType = wrapper.cfbundle; includeInIndex = 0; path = ExploreCityTests.xctest; sourceTree = BUILT_PRODUCTS_DIR; };
		6EE23FB22B1F8ECD009B068E /* ExploreCityTests.swift */ = {isa = PBXFileReference; lastKnownFileType = sourcecode.swift; path = ExploreCityTests.swift; sourceTree = "<group>"; };
		6EE23FB82B1F8ECD009B068E /* ExploreCityUITests.xctest */ = {isa = PBXFileReference; explicitFileType = wrapper.cfbundle; includeInIndex = 0; path = ExploreCityUITests.xctest; sourceTree = BUILT_PRODUCTS_DIR; };
		6EE23FBC2B1F8ECD009B068E /* ExploreCityUITests.swift */ = {isa = PBXFileReference; lastKnownFileType = sourcecode.swift; path = ExploreCityUITests.swift; sourceTree = "<group>"; };
		6EE23FBE2B1F8ECD009B068E /* ExploreCityUITestsLaunchTests.swift */ = {isa = PBXFileReference; lastKnownFileType = sourcecode.swift; path = ExploreCityUITestsLaunchTests.swift; sourceTree = "<group>"; };
/* End PBXFileReference section */

/* Begin PBXFrameworksBuildPhase section */
		6EE23F9B2B1F8EC8009B068E /* Frameworks */ = {
			isa = PBXFrameworksBuildPhase;
			buildActionMask = 2147483647;
			files = (
			);
			runOnlyForDeploymentPostprocessing = 0;
		};
		6EE23FAB2B1F8ECD009B068E /* Frameworks */ = {
			isa = PBXFrameworksBuildPhase;
			buildActionMask = 2147483647;
			files = (
			);
			runOnlyForDeploymentPostprocessing = 0;
		};
		6EE23FB52B1F8ECD009B068E /* Frameworks */ = {
			isa = PBXFrameworksBuildPhase;
			buildActionMask = 2147483647;
			files = (
			);
			runOnlyForDeploymentPostprocessing = 0;
		};
/* End PBXFrameworksBuildPhase section */

/* Begin PBXGroup section */
		6EE23F952B1F8EC8009B068E = {
			isa = PBXGroup;
			children = (
				6EE23FA02B1F8EC8009B068E /* ExploreCity */,
				6EE23FB12B1F8ECD009B068E /* ExploreCityTests */,
				6EE23FBB2B1F8ECD009B068E /* ExploreCityUITests */,
				6EE23F9F2B1F8EC8009B068E /* Products */,
			);
			sourceTree = "<group>";
		};
		6EE23F9F2B1F8EC8009B068E /* Products */ = {
			isa = PBXGroup;
			children = (
				6EE23F9E2B1F8EC8009B068E /* ExploreCity.app */,
				6EE23FAE2B1F8ECD009B068E /* ExploreCityTests.xctest */,
				6EE23FB82B1F8ECD009B068E /* ExploreCityUITests.xctest */,
			);
			name = Products;
			sourceTree = "<group>";
		};
		6EE23FA02B1F8EC8009B068E /* ExploreCity */ = {
			isa = PBXGroup;
			children = (
				6EE23FA12B1F8EC8009B068E /* ExploreCityApp.swift */,
				6EE23FA32B1F8EC8009B068E /* ContentView.swift */,
				6EE23FA52B1F8ECC009B068E /* Assets.xcassets */,
				6EE23FA72B1F8ECC009B068E /* Preview Content */,
			);
			path = ExploreCity;
			sourceTree = "<group>";
		};
		6EE23FA72B1F8ECC009B068E /* Preview Content */ = {
			isa = PBXGroup;
			children = (
				6EE23FA82B1F8ECC009B068E /* Preview Assets.xcassets */,
			);
			path = "Preview Content";
			sourceTree = "<group>";
		};
		6EE23FB12B1F8ECD009B068E /* ExploreCityTests */ = {
			isa = PBXGroup;
			children = (
				6EE23FB22B1F8ECD009B068E /* ExploreCityTests.swift */,
			);
			path = ExploreCityTests;
			sourceTree = "<group>";
		};
		6EE23FBB2B1F8ECD009B068E /* ExploreCityUITests */ = {
			isa = PBXGroup;
			children = (
				6EE23FBC2B1F8ECD009B068E /* ExploreCityUITests.swift */,
				6EE23FBE2B1F8ECD009B068E /* ExploreCityUITestsLaunchTests.swift */,
			);
			path = ExploreCityUITests;
			sourceTree = "<group>";
		};
/* End PBXGroup section */

/* Begin PBXNativeTarget section */
		6EE23F9D2B1F8EC8009B068E /* ExploreCity */ = {
			isa = PBXNativeTarget;
			buildConfigurationList = 6EE23FC22B1F8ECD009B068E /* Build configuration list for PBXNativeTarget "ExploreCity" */;
			buildPhases = (
				6EE23F9A2B1F8EC8009B068E /* Sources */,
				6EE23F9B2B1F8EC8009B068E /* Frameworks */,
				6EE23F9C2B1F8EC8009B068E /* Resources */,
			);
			buildRules = (
			);
			dependencies = (
			);
			name = ExploreCity;
			productName = ExploreCity;
			productReference = 6EE23F9E2B1F8EC8009B068E /* ExploreCity.app */;
			productType = "com.apple.product-type.application";
		};
		6EE23FAD2B1F8ECD009B068E /* ExploreCityTests */ = {
			isa = PBXNativeTarget;
			buildConfigurationList = 6EE23FC52B1F8ECD009B068E /* Build configuration list for PBXNativeTarget "ExploreCityTests" */;
			buildPhases = (
				6EE23FAA2B1F8ECD009B068E /* Sources */,
				6EE23FAB2B1F8ECD009B068E /* Frameworks */,
				6EE23FAC2B1F8ECD009B068E /* Resources */,
			);
			buildRules = (
			);
			dependencies = (
				6EE23FB02B1F8ECD009B068E /* PBXTargetDependency */,
			);
			name = ExploreCityTests;
			productName = ExploreCityTests;
			productReference = 6EE23FAE2B1F8ECD009B068E /* ExploreCityTests.xctest */;
			productType = "com.apple.product-type.bundle.unit-test";
		};
		6EE23FB72B1F8ECD009B068E /* ExploreCityUITests */ = {
			isa = PBXNativeTarget;
			buildConfigurationList = 6EE23FC82B1F8ECD009B068E /* Build configuration list for PBXNativeTarget "ExploreCityUITests" */;
			buildPhases = (
				6EE23FB42B1F8ECD009B068E /* Sources */,
				6EE23FB52B1F8ECD009B068E /* Frameworks */,
				6EE23FB62B1F8ECD009B068E /* Resources */,
			);
			buildRules = (
			);
			dependencies = (
				6EE23FBA2B1F8ECD009B068E /* PBXTargetDependency */,
			);
			name = ExploreCityUITests;
			productName = ExploreCityUITests;
			productReference = 6EE23FB82B1F8ECD009B068E /* ExploreCityUITests.xctest */;
			productType = "com.apple.product-type.bundle.ui-testing";
		};
/* End PBXNativeTarget section */

/* Begin PBXProject section */
		6EE23F962B1F8EC8009B068E /* Project object */ = {
			isa = PBXProject;
			attributes = {
				BuildIndependentTargetsInParallel = 1;
				LastSwiftUpdateCheck = 1500;
				LastUpgradeCheck = 1500;
				TargetAttributes = {
					6EE23F9D2B1F8EC8009B068E = {
						CreatedOnToolsVersion = 15.0.1;
					};
					6EE23FAD2B1F8ECD009B068E = {
						CreatedOnToolsVersion = 15.0.1;
						TestTargetID = 6EE23F9D2B1F8EC8009B068E;
					};
					6EE23FB72B1F8ECD009B068E = {
						CreatedOnToolsVersion = 15.0.1;
						TestTargetID = 6EE23F9D2B1F8EC8009B068E;
					};
				};
			};
			buildConfigurationList = 6EE23F992B1F8EC8009B068E /* Build configuration list for PBXProject "ExploreCity" */;
			compatibilityVersion = "Xcode 14.0";
			developmentRegion = en;
			hasScannedForEncodings = 0;
			knownRegions = (
				en,
				Base,
			);
			mainGroup = 6EE23F952B1F8EC8009B068E;
			productRefGroup = 6EE23F9F2B1F8EC8009B068E /* Products */;
			projectDirPath = "";
			projectRoot = "";
			targets = (
				6EE23F9D2B1F8EC8009B068E /* ExploreCity */,
				6EE23FAD2B1F8ECD009B068E /* ExploreCityTests */,
				6EE23FB72B1F8ECD009B068E /* ExploreCityUITests */,
			);
		};
/* End PBXProject section */

/* Begin PBXResourcesBuildPhase section */
		6EE23F9C2B1F8EC8009B068E /* Resources */ = {
			isa = PBXResourcesBuildPhase;
			buildActionMask = 2147483647;
			files = (
				6EE23FA92B1F8ECC009B068E /* Preview Assets.xcassets in Resources */,
				6EE23FA62B1F8ECC009B068E /* Assets.xcassets in Resources */,
			);
			runOnlyForDeploymentPostprocessing = 0;
		};
		6EE23FAC2B1F8ECD009B068E /* Resources */ = {
			isa = PBXResourcesBuildPhase;
			buildActionMask = 2147483647;
			files = (
			);
			runOnlyForDeploymentPostprocessing = 0;
		};
		6EE23FB62B1F8ECD009B068E /* Resources */ = {
			isa = PBXResourcesBuildPhase;
			buildActionMask = 2147483647;
			files = (
			);
			runOnlyForDeploymentPostprocessing = 0;
		};
/* End PBXResourcesBuildPhase section */

/* Begin PBXSourcesBuildPhase section */
		6EE23F9A2B1F8EC8009B068E /* Sources */ = {
			isa = PBXSourcesBuildPhase;
			buildActionMask = 2147483647;
			files = (
				6EE23FA42B1F8EC8009B068E /* ContentView.swift in Sources */,
				6EE23FA22B1F8EC8009B068E /* ExploreCityApp.swift in Sources */,
			);
			runOnlyForDeploymentPostprocessing = 0;
		};
		6EE23FAA2B1F8ECD009B068E /* Sources */ = {
			isa = PBXSourcesBuildPhase;
			buildActionMask = 2147483647;
			files = (
				6EE23FB32B1F8ECD009B068E /* ExploreCityTests.swift in Sources */,
			);
			runOnlyForDeploymentPostprocessing = 0;
		};
		6EE23FB42B1F8ECD009B068E /* Sources */ = {
			isa = PBXSourcesBuildPhase;
			buildActionMask = 2147483647;
			files = (
				6EE23FBD2B1F8ECD009B068E /* ExploreCityUITests.swift in Sources */,
				6EE23FBF2B1F8ECD009B068E /* ExploreCityUITestsLaunchTests.swift in Sources */,
			);
			runOnlyForDeploymentPostprocessing = 0;
		};
/* End PBXSourcesBuildPhase section */

/* Begin PBXTargetDependency section */
		6EE23FB02B1F8ECD009B068E /* PBXTargetDependency */ = {
			isa = PBXTargetDependency;
			target = 6EE23F9D2B1F8EC8009B068E /* ExploreCity */;
			targetProxy = 6EE23FAF2B1F8ECD009B068E /* PBXContainerItemProxy */;
		};
		6EE23FBA2B1F8ECD009B068E /* PBXTargetDependency */ = {
			isa = PBXTargetDependency;
			target = 6EE23F9D2B1F8EC8009B068E /* ExploreCity */;
			targetProxy = 6EE23FB92B1F8ECD009B068E /* PBXContainerItemProxy */;
		};
/* End PBXTargetDependency section */

/* Begin XCBuildConfiguration section */
		6EE23FC02B1F8ECD009B068E /* Debug */ = {
			isa = XCBuildConfiguration;
			buildSettings = {
				ALWAYS_SEARCH_USER_PATHS = NO;
				ASSETCATALOG_COMPILER_GENERATE_SWIFT_ASSET_SYMBOL_EXTENSIONS = YES;
				CLANG_ANALYZER_NONNULL = YES;
				CLANG_ANALYZER_NUMBER_OBJECT_CONVERSION = YES_AGGRESSIVE;
				CLANG_CXX_LANGUAGE_STANDARD = "gnu++20";
				CLANG_ENABLE_MODULES = YES;
				CLANG_ENABLE_OBJC_ARC = YES;
				CLANG_ENABLE_OBJC_WEAK = YES;
				CLANG_WARN_BLOCK_CAPTURE_AUTORELEASING = YES;
				CLANG_WARN_BOOL_CONVERSION = YES;
				CLANG_WARN_COMMA = YES;
				CLANG_WARN_CONSTANT_CONVERSION = YES;
				CLANG_WARN_DEPRECATED_OBJC_IMPLEMENTATIONS = YES;
				CLANG_WARN_DIRECT_OBJC_ISA_USAGE = YES_ERROR;
				CLANG_WARN_DOCUMENTATION_COMMENTS = YES;
				CLANG_WARN_EMPTY_BODY = YES;
				CLANG_WARN_ENUM_CONVERSION = YES;
				CLANG_WARN_INFINITE_RECURSION = YES;
				CLANG_WARN_INT_CONVERSION = YES;
				CLANG_WARN_NON_LITERAL_NULL_CONVERSION = YES;
				CLANG_WARN_OBJC_IMPLICIT_RETAIN_SELF = YES;
				CLANG_WARN_OBJC_LITERAL_CONVERSION = YES;
				CLANG_WARN_OBJC_ROOT_CLASS = YES_ERROR;
				CLANG_WARN_QUOTED_INCLUDE_IN_FRAMEWORK_HEADER = YES;
				CLANG_WARN_RANGE_LOOP_ANALYSIS = YES;
				CLANG_WARN_STRICT_PROTOTYPES = YES;
				CLANG_WARN_SUSPICIOUS_MOVE = YES;
				CLANG_WARN_UNGUARDED_AVAILABILITY = YES_AGGRESSIVE;
				CLANG_WARN_UNREACHABLE_CODE = YES;
				CLANG_WARN__DUPLICATE_METHOD_MATCH = YES;
				COPY_PHASE_STRIP = NO;
				DEBUG_INFORMATION_FORMAT = dwarf;
				ENABLE_STRICT_OBJC_MSGSEND = YES;
				ENABLE_TESTABILITY = YES;
				ENABLE_USER_SCRIPT_SANDBOXING = YES;
				GCC_C_LANGUAGE_STANDARD = gnu17;
				GCC_DYNAMIC_NO_PIC = NO;
				GCC_NO_COMMON_BLOCKS = YES;
				GCC_OPTIMIZATION_LEVEL = 0;
				GCC_PREPROCESSOR_DEFINITIONS = (
					"DEBUG=1",
					"$(inherited)",
				);
				GCC_WARN_64_TO_32_BIT_CONVERSION = YES;
				GCC_WARN_ABOUT_RETURN_TYPE = YES_ERROR;
				GCC_WARN_UNDECLARED_SELECTOR = YES;
				GCC_WARN_UNINITIALIZED_AUTOS = YES_AGGRESSIVE;
				GCC_WARN_UNUSED_FUNCTION = YES;
				GCC_WARN_UNUSED_VARIABLE = YES;
				IPHONEOS_DEPLOYMENT_TARGET = 17.0;
				LOCALIZATION_PREFERS_STRING_CATALOGS = YES;
				MTL_ENABLE_DEBUG_INFO = INCLUDE_SOURCE;
				MTL_FAST_MATH = YES;
				ONLY_ACTIVE_ARCH = YES;
				SDKROOT = iphoneos;
				SWIFT_ACTIVE_COMPILATION_CONDITIONS = "DEBUG $(inherited)";
				SWIFT_OPTIMIZATION_LEVEL = "-Onone";
			};
			name = Debug;
		};
		6EE23FC12B1F8ECD009B068E /* Release */ = {
			isa = XCBuildConfiguration;
			buildSettings = {
				ALWAYS_SEARCH_USER_PATHS = NO;
				ASSETCATALOG_COMPILER_GENERATE_SWIFT_ASSET_SYMBOL_EXTENSIONS = YES;
				CLANG_ANALYZER_NONNULL = YES;
				CLANG_ANALYZER_NUMBER_OBJECT_CONVERSION = YES_AGGRESSIVE;
				CLANG_CXX_LANGUAGE_STANDARD = "gnu++20";
				CLANG_ENABLE_MODULES = YES;
				CLANG_ENABLE_OBJC_ARC = YES;
				CLANG_ENABLE_OBJC_WEAK = YES;
				CLANG_WARN_BLOCK_CAPTURE_AUTORELEASING = YES;
				CLANG_WARN_BOOL_CONVERSION = YES;
				CLANG_WARN_COMMA = YES;
				CLANG_WARN_CONSTANT_CONVERSION = YES;
				CLANG_WARN_DEPRECATED_OBJC_IMPLEMENTATIONS = YES;
				CLANG_WARN_DIRECT_OBJC_ISA_USAGE = YES_ERROR;
				CLANG_WARN_DOCUMENTATION_COMMENTS = YES;
				CLANG_WARN_EMPTY_BODY = YES;
				CLANG_WARN_ENUM_CONVERSION = YES;
				CLANG_WARN_INFINITE_RECURSION = YES;
				CLANG_WARN_INT_CONVERSION = YES;
				CLANG_WARN_NON_LITERAL_NULL_CONVERSION = YES;
				CLANG_WARN_OBJC_IMPLICIT_RETAIN_SELF = YES;
				CLANG_WARN_OBJC_LITERAL_CONVERSION = YES;
				CLANG_WARN_OBJC_ROOT_CLASS = YES_ERROR;
				CLANG_WARN_QUOTED_INCLUDE_IN_FRAMEWORK_HEADER = YES;
				CLANG_WARN_RANGE_LOOP_ANALYSIS = YES;
				CLANG_WARN_STRICT_PROTOTYPES = YES;
				CLANG_WARN_SUSPICIOUS_MOVE = YES;
				CLANG_WARN_UNGUARDED_AVAILABILITY = YES_AGGRESSIVE;
				CLANG_WARN_UNREACHABLE_CODE = YES;
				CLANG_WARN__DUPLICATE_METHOD_MATCH = YES;
				COPY_PHASE_STRIP = NO;
				DEBUG_INFORMATION_FORMAT = "dwarf-with-dsym";
				ENABLE_NS_ASSERTIONS = NO;
				ENABLE_STRICT_OBJC_MSGSEND = YES;
				ENABLE_USER_SCRIPT_SANDBOXING = YES;
				GCC_C_LANGUAGE_STANDARD = gnu17;
				GCC_NO_COMMON_BLOCKS = YES;
				GCC_WARN_64_TO_32_BIT_CONVERSION = YES;
				GCC_WARN_ABOUT_RETURN_TYPE = YES_ERROR;
				GCC_WARN_UNDECLARED_SELECTOR = YES;
				GCC_WARN_UNINITIALIZED_AUTOS = YES_AGGRESSIVE;
				GCC_WARN_UNUSED_FUNCTION = YES;
				GCC_WARN_UNUSED_VARIABLE = YES;
				IPHONEOS_DEPLOYMENT_TARGET = 17.0;
				LOCALIZATION_PREFERS_STRING_CATALOGS = YES;
				MTL_ENABLE_DEBUG_INFO = NO;
				MTL_FAST_MATH = YES;
				SDKROOT = iphoneos;
				SWIFT_COMPILATION_MODE = wholemodule;
				VALIDATE_PRODUCT = YES;
			};
			name = Release;
		};
		6EE23FC32B1F8ECD009B068E /* Debug */ = {
			isa = XCBuildConfiguration;
			buildSettings = {
				ASSETCATALOG_COMPILER_APPICON_NAME = AppIcon;
				ASSETCATALOG_COMPILER_GLOBAL_ACCENT_COLOR_NAME = AccentColor;
				CODE_SIGN_STYLE = Automatic;
				CURRENT_PROJECT_VERSION = 1;
				DEVELOPMENT_ASSET_PATHS = "\"ExploreCity/Preview Content\"";
				DEVELOPMENT_TEAM = U5Z5J4K24B;
				ENABLE_PREVIEWS = YES;
				GENERATE_INFOPLIST_FILE = YES;
				INFOPLIST_KEY_UIApplicationSceneManifest_Generation = YES;
				INFOPLIST_KEY_UIApplicationSupportsIndirectInputEvents = YES;
				INFOPLIST_KEY_UILaunchScreen_Generation = YES;
				INFOPLIST_KEY_UISupportedInterfaceOrientations_iPad = "UIInterfaceOrientationPortrait UIInterfaceOrientationPortraitUpsideDown UIInterfaceOrientationLandscapeLeft UIInterfaceOrientationLandscapeRight";
				INFOPLIST_KEY_UISupportedInterfaceOrientations_iPhone = "UIInterfaceOrientationPortrait UIInterfaceOrientationLandscapeLeft UIInterfaceOrientationLandscapeRight";
				LD_RUNPATH_SEARCH_PATHS = (
					"$(inherited)",
					"@executable_path/Frameworks",
				);
				MARKETING_VERSION = 1.0;
				PRODUCT_BUNDLE_IDENTIFIER = com.example.RojinPrajapati.ExploreCity;
				PRODUCT_NAME = "$(TARGET_NAME)";
				SWIFT_EMIT_LOC_STRINGS = YES;
				SWIFT_VERSION = 5.0;
				TARGETED_DEVICE_FAMILY = "1,2";
			};
			name = Debug;
		};
		6EE23FC42B1F8ECD009B068E /* Release */ = {
			isa = XCBuildConfiguration;
			buildSettings = {
				ASSETCATALOG_COMPILER_APPICON_NAME = AppIcon;
				ASSETCATALOG_COMPILER_GLOBAL_ACCENT_COLOR_NAME = AccentColor;
				CODE_SIGN_STYLE = Automatic;
				CURRENT_PROJECT_VERSION = 1;
				DEVELOPMENT_ASSET_PATHS = "\"ExploreCity/Preview Content\"";
				DEVELOPMENT_TEAM = U5Z5J4K24B;
				ENABLE_PREVIEWS = YES;
				GENERATE_INFOPLIST_FILE = YES;
				INFOPLIST_KEY_UIApplicationSceneManifest_Generation = YES;
				INFOPLIST_KEY_UIApplicationSupportsIndirectInputEvents = YES;
				INFOPLIST_KEY_UILaunchScreen_Generation = YES;
				INFOPLIST_KEY_UISupportedInterfaceOrientations_iPad = "UIInterfaceOrientationPortrait UIInterfaceOrientationPortraitUpsideDown UIInterfaceOrientationLandscapeLeft UIInterfaceOrientationLandscapeRight";
				INFOPLIST_KEY_UISupportedInterfaceOrientations_iPhone = "UIInterfaceOrientationPortrait UIInterfaceOrientationLandscapeLeft UIInterfaceOrientationLandscapeRight";
				LD_RUNPATH_SEARCH_PATHS = (
					"$(inherited)",
					"@executable_path/Frameworks",
				);
				MARKETING_VERSION = 1.0;
				PRODUCT_BUNDLE_IDENTIFIER = com.example.RojinPrajapati.ExploreCity;
				PRODUCT_NAME = "$(TARGET_NAME)";
				SWIFT_EMIT_LOC_STRINGS = YES;
				SWIFT_VERSION = 5.0;
				TARGETED_DEVICE_FAMILY = "1,2";
			};
			name = Release;
		};
		6EE23FC62B1F8ECD009B068E /* Debug */ = {
			isa = XCBuildConfiguration;
			buildSettings = {
				ALWAYS_EMBED_SWIFT_STANDARD_LIBRARIES = YES;
				BUNDLE_LOADER = "$(TEST_HOST)";
				CODE_SIGN_STYLE = Automatic;
				CURRENT_PROJECT_VERSION = 1;
				DEVELOPMENT_TEAM = U5Z5J4K24B;
				GENERATE_INFOPLIST_FILE = YES;
				IPHONEOS_DEPLOYMENT_TARGET = 17.0;
				MARKETING_VERSION = 1.0;
				PRODUCT_BUNDLE_IDENTIFIER = com.example.RojinPrajapati.ExploreCityTests;
				PRODUCT_NAME = "$(TARGET_NAME)";
				SWIFT_EMIT_LOC_STRINGS = NO;
				SWIFT_VERSION = 5.0;
				TARGETED_DEVICE_FAMILY = "1,2";
				TEST_HOST = "$(BUILT_PRODUCTS_DIR)/ExploreCity.app/$(BUNDLE_EXECUTABLE_FOLDER_PATH)/ExploreCity";
			};
			name = Debug;
		};
		6EE23FC72B1F8ECD009B068E /* Release */ = {
			isa = XCBuildConfiguration;
			buildSettings = {
				ALWAYS_EMBED_SWIFT_STANDARD_LIBRARIES = YES;
				BUNDLE_LOADER = "$(TEST_HOST)";
				CODE_SIGN_STYLE = Automatic;
				CURRENT_PROJECT_VERSION = 1;
				DEVELOPMENT_TEAM = U5Z5J4K24B;
				GENERATE_INFOPLIST_FILE = YES;
				IPHONEOS_DEPLOYMENT_TARGET = 17.0;
				MARKETING_VERSION = 1.0;
				PRODUCT_BUNDLE_IDENTIFIER = com.example.RojinPrajapati.ExploreCityTests;
				PRODUCT_NAME = "$(TARGET_NAME)";
				SWIFT_EMIT_LOC_STRINGS = NO;
				SWIFT_VERSION = 5.0;
				TARGETED_DEVICE_FAMILY = "1,2";
				TEST_HOST = "$(BUILT_PRODUCTS_DIR)/ExploreCity.app/$(BUNDLE_EXECUTABLE_FOLDER_PATH)/ExploreCity";
			};
			name = Release;
		};
		6EE23FC92B1F8ECD009B068E /* Debug */ = {
			isa = XCBuildConfiguration;
			buildSettings = {
				ALWAYS_EMBED_SWIFT_STANDARD_LIBRARIES = YES;
				CODE_SIGN_STYLE = Automatic;
				CURRENT_PROJECT_VERSION = 1;
				DEVELOPMENT_TEAM = U5Z5J4K24B;
				GENERATE_INFOPLIST_FILE = YES;
				MARKETING_VERSION = 1.0;
				PRODUCT_BUNDLE_IDENTIFIER = com.example.RojinPrajapati.ExploreCityUITests;
				PRODUCT_NAME = "$(TARGET_NAME)";
				SWIFT_EMIT_LOC_STRINGS = NO;
				SWIFT_VERSION = 5.0;
				TARGETED_DEVICE_FAMILY = "1,2";
				TEST_TARGET_NAME = ExploreCity;
			};
			name = Debug;
		};
		6EE23FCA2B1F8ECD009B068E /* Release */ = {
			isa = XCBuildConfiguration;
			buildSettings = {
				ALWAYS_EMBED_SWIFT_STANDARD_LIBRARIES = YES;
				CODE_SIGN_STYLE = Automatic;
				CURRENT_PROJECT_VERSION = 1;
				DEVELOPMENT_TEAM = U5Z5J4K24B;
				GENERATE_INFOPLIST_FILE = YES;
				MARKETING_VERSION = 1.0;
				PRODUCT_BUNDLE_IDENTIFIER = com.example.RojinPrajapati.ExploreCityUITests;
				PRODUCT_NAME = "$(TARGET_NAME)";
				SWIFT_EMIT_LOC_STRINGS = NO;
				SWIFT_VERSION = 5.0;
				TARGETED_DEVICE_FAMILY = "1,2";
				TEST_TARGET_NAME = ExploreCity;
			};
			name = Release;
		};
/* End XCBuildConfiguration section */

/* Begin XCConfigurationList section */
		6EE23F992B1F8EC8009B068E /* Build configuration list for PBXProject "ExploreCity" */ = {
			isa = XCConfigurationList;
			buildConfigurations = (
				6EE23FC02B1F8ECD009B068E /* Debug */,
				6EE23FC12B1F8ECD009B068E /* Release */,
			);
			defaultConfigurationIsVisible = 0;
			defaultConfigurationName = Release;
		};
		6EE23FC22B1F8ECD009B068E /* Build configuration list for PBXNativeTarget "ExploreCity" */ = {
			isa = XCConfigurationList;
			buildConfigurations = (
				6EE23FC32B1F8ECD009B068E /* Debug */,
				6EE23FC42B1F8ECD009B068E /* Release */,
			);
			defaultConfigurationIsVisible = 0;
			defaultConfigurationName = Release;
		};
		6EE23FC52B1F8ECD009B068E /* Build configuration list for PBXNativeTarget "ExploreCityTests" */ = {
			isa = XCConfigurationList;
			buildConfigurations = (
				6EE23FC62B1F8ECD009B068E /* Debug */,
				6EE23FC72B1F8ECD009B068E /* Release */,
			);
			defaultConfigurationIsVisible = 0;
			defaultConfigurationName = Release;
		};
		6EE23FC82B1F8ECD009B068E /* Build configuration list for PBXNativeTarget "ExploreCityUITests" */ = {
			isa = XCConfigurationList;
			buildConfigurations = (
				6EE23FC92B1F8ECD009B068E /* Debug */,
				6EE23FCA2B1F8ECD009B068E /* Release */,
			);
			defaultConfigurationIsVisible = 0;
			defaultConfigurationName = Release;
		};
/* End XCConfigurationList section */
	};
	rootObject = 6EE23F962B1F8EC8009B068E /* Project object */;
}
